// !$*UTF8*$!
{
	archiveVersion = 1;
	classes = {
	};
	objectVersion = 46;
	objects = {

/* Begin PBXBuildFile section */
		A5B708ED18ACBA1900CDCC5D /* Foundation.framework in Frameworks */ = {isa = PBXBuildFile; fileRef = A5B708EC18ACBA1900CDCC5D /* Foundation.framework */; };
		A5B708EF18ACBA1900CDCC5D /* CoreGraphics.framework in Frameworks */ = {isa = PBXBuildFile; fileRef = A5B708EE18ACBA1900CDCC5D /* CoreGraphics.framework */; };
		A5B708F118ACBA1900CDCC5D /* UIKit.framework in Frameworks */ = {isa = PBXBuildFile; fileRef = A5B708F018ACBA1900CDCC5D /* UIKit.framework */; };
		A5B708F718ACBA1900CDCC5D /* InfoPlist.strings in Resources */ = {isa = PBXBuildFile; fileRef = A5B708F518ACBA1900CDCC5D /* InfoPlist.strings */; };
		A5B708F918ACBA1900CDCC5D /* main.m in Sources */ = {isa = PBXBuildFile; fileRef = A5B708F818ACBA1900CDCC5D /* main.m */; };
		A5B708FD18ACBA1900CDCC5D /* TTAppDelegate.m in Sources */ = {isa = PBXBuildFile; fileRef = A5B708FC18ACBA1900CDCC5D /* TTAppDelegate.m */; };
		A5B7090018ACBA1900CDCC5D /* Main.storyboard in Resources */ = {isa = PBXBuildFile; fileRef = A5B708FE18ACBA1900CDCC5D /* Main.storyboard */; };
		A5B7090318ACBA1900CDCC5D /* TTViewController.m in Sources */ = {isa = PBXBuildFile; fileRef = A5B7090218ACBA1900CDCC5D /* TTViewController.m */; };
		A5B7090518ACBA1900CDCC5D /* Images.xcassets in Resources */ = {isa = PBXBuildFile; fileRef = A5B7090418ACBA1900CDCC5D /* Images.xcassets */; };
		A5B7090C18ACBA1900CDCC5D /* XCTest.framework in Frameworks */ = {isa = PBXBuildFile; fileRef = A5B7090B18ACBA1900CDCC5D /* XCTest.framework */; };
		A5B7090D18ACBA1900CDCC5D /* Foundation.framework in Frameworks */ = {isa = PBXBuildFile; fileRef = A5B708EC18ACBA1900CDCC5D /* Foundation.framework */; };
		A5B7090E18ACBA1900CDCC5D /* UIKit.framework in Frameworks */ = {isa = PBXBuildFile; fileRef = A5B708F018ACBA1900CDCC5D /* UIKit.framework */; };
		A5B7091618ACBA1900CDCC5D /* InfoPlist.strings in Resources */ = {isa = PBXBuildFile; fileRef = A5B7091418ACBA1900CDCC5D /* InfoPlist.strings */; };
		A5B7091818ACBA1900CDCC5D /* UIViewOutletTests.m in Sources */ = {isa = PBXBuildFile; fileRef = A5B7091718ACBA1900CDCC5D /* UIViewOutletTests.m */; };
/* End PBXBuildFile section */

/* Begin PBXContainerItemProxy section */
		A5B7090F18ACBA1900CDCC5D /* PBXContainerItemProxy */ = {
			isa = PBXContainerItemProxy;
			containerPortal = A5B708E118ACBA1900CDCC5D /* Project object */;
			proxyType = 1;
			remoteGlobalIDString = A5B708E818ACBA1900CDCC5D;
			remoteInfo = UIViewOutlet;
		};
/* End PBXContainerItemProxy section */

/* Begin PBXFileReference section */
		A5B708E918ACBA1900CDCC5D /* UIViewOutlet.app */ = {isa = PBXFileReference; explicitFileType = wrapper.application; includeInIndex = 0; path = UIViewOutlet.app; sourceTree = BUILT_PRODUCTS_DIR; };
		A5B708EC18ACBA1900CDCC5D /* Foundation.framework */ = {isa = PBXFileReference; lastKnownFileType = wrapper.framework; name = Foundation.framework; path = System/Library/Frameworks/Foundation.framework; sourceTree = SDKROOT; };
		A5B708EE18ACBA1900CDCC5D /* CoreGraphics.framework */ = {isa = PBXFileReference; lastKnownFileType = wrapper.framework; name = CoreGraphics.framework; path = System/Library/Frameworks/CoreGraphics.framework; sourceTree = SDKROOT; };
		A5B708F018ACBA1900CDCC5D /* UIKit.framework */ = {isa = PBXFileReference; lastKnownFileType = wrapper.framework; name = UIKit.framework; path = System/Library/Frameworks/UIKit.framework; sourceTree = SDKROOT; };
		A5B708F418ACBA1900CDCC5D /* UIViewOutlet-Info.plist */ = {isa = PBXFileReference; lastKnownFileType = text.plist.xml; path = "UIViewOutlet-Info.plist"; sourceTree = "<group>"; };
		A5B708F618ACBA1900CDCC5D /* en */ = {isa = PBXFileReference; lastKnownFileType = text.plist.strings; name = en; path = en.lproj/InfoPlist.strings; sourceTree = "<group>"; };
		A5B708F818ACBA1900CDCC5D /* main.m */ = {isa = PBXFileReference; lastKnownFileType = sourcecode.c.objc; path = main.m; sourceTree = "<group>"; };
		A5B708FA18ACBA1900CDCC5D /* UIViewOutlet-Prefix.pch */ = {isa = PBXFileReference; lastKnownFileType = sourcecode.c.h; path = "UIViewOutlet-Prefix.pch"; sourceTree = "<group>"; };
		A5B708FB18ACBA1900CDCC5D /* TTAppDelegate.h */ = {isa = PBXFileReference; lastKnownFileType = sourcecode.c.h; path = TTAppDelegate.h; sourceTree = "<group>"; };
		A5B708FC18ACBA1900CDCC5D /* TTAppDelegate.m */ = {isa = PBXFileReference; lastKnownFileType = sourcecode.c.objc; path = TTAppDelegate.m; sourceTree = "<group>"; };
		A5B708FF18ACBA1900CDCC5D /* Base */ = {isa = PBXFileReference; lastKnownFileType = file.storyboard; name = Base; path = Base.lproj/Main.storyboard; sourceTree = "<group>"; };
		A5B7090118ACBA1900CDCC5D /* TTViewController.h */ = {isa = PBXFileReference; lastKnownFileType = sourcecode.c.h; path = TTViewController.h; sourceTree = "<group>"; };
		A5B7090218ACBA1900CDCC5D /* TTViewController.m */ = {isa = PBXFileReference; lastKnownFileType = sourcecode.c.objc; path = TTViewController.m; sourceTree = "<group>"; };
		A5B7090418ACBA1900CDCC5D /* Images.xcassets */ = {isa = PBXFileReference; lastKnownFileType = folder.assetcatalog; path = Images.xcassets; sourceTree = "<group>"; };
		A5B7090A18ACBA1900CDCC5D /* UIViewOutletTests.xctest */ = {isa = PBXFileReference; explicitFileType = wrapper.cfbundle; includeInIndex = 0; path = UIViewOutletTests.xctest; sourceTree = BUILT_PRODUCTS_DIR; };
		A5B7090B18ACBA1900CDCC5D /* XCTest.framework */ = {isa = PBXFileReference; lastKnownFileType = wrapper.framework; name = XCTest.framework; path = Library/Frameworks/XCTest.framework; sourceTree = DEVELOPER_DIR; };
		A5B7091318ACBA1900CDCC5D /* UIViewOutletTests-Info.plist */ = {isa = PBXFileReference; lastKnownFileType = text.plist.xml; path = "UIViewOutletTests-Info.plist"; sourceTree = "<group>"; };
		A5B7091518ACBA1900CDCC5D /* en */ = {isa = PBXFileReference; lastKnownFileType = text.plist.strings; name = en; path = en.lproj/InfoPlist.strings; sourceTree = "<group>"; };
		A5B7091718ACBA1900CDCC5D /* UIViewOutletTests.m */ = {isa = PBXFileReference; lastKnownFileType = sourcecode.c.objc; path = UIViewOutletTests.m; sourceTree = "<group>"; };
/* End PBXFileReference section */

/* Begin PBXFrameworksBuildPhase section */
		A5B708E618ACBA1900CDCC5D /* Frameworks */ = {
			isa = PBXFrameworksBuildPhase;
			buildActionMask = 2147483647;
			files = (
				A5B708EF18ACBA1900CDCC5D /* CoreGraphics.framework in Frameworks */,
				A5B708F118ACBA1900CDCC5D /* UIKit.framework in Frameworks */,
				A5B708ED18ACBA1900CDCC5D /* Foundation.framework in Frameworks */,
			);
			runOnlyForDeploymentPostprocessing = 0;
		};
		A5B7090718ACBA1900CDCC5D /* Frameworks */ = {
			isa = PBXFrameworksBuildPhase;
			buildActionMask = 2147483647;
			files = (
				A5B7090C18ACBA1900CDCC5D /* XCTest.framework in Frameworks */,
				A5B7090E18ACBA1900CDCC5D /* UIKit.framework in Frameworks */,
				A5B7090D18ACBA1900CDCC5D /* Foundation.framework in Frameworks */,
			);
			runOnlyForDeploymentPostprocessing = 0;
		};
/* End PBXFrameworksBuildPhase section */

/* Begin PBXGroup section */
		A5B708E018ACBA1900CDCC5D = {
			isa = PBXGroup;
			children = (
				A5B708F218ACBA1900CDCC5D /* UIViewOutlet */,
				A5B7091118ACBA1900CDCC5D /* UIViewOutletTests */,
				A5B708EB18ACBA1900CDCC5D /* Frameworks */,
				A5B708EA18ACBA1900CDCC5D /* Products */,
			);
			sourceTree = "<group>";
		};
		A5B708EA18ACBA1900CDCC5D /* Products */ = {
			isa = PBXGroup;
			children = (
				A5B708E918ACBA1900CDCC5D /* UIViewOutlet.app */,
				A5B7090A18ACBA1900CDCC5D /* UIViewOutletTests.xctest */,
			);
			name = Products;
			sourceTree = "<group>";
		};
		A5B708EB18ACBA1900CDCC5D /* Frameworks */ = {
			isa = PBXGroup;
			children = (
				A5B708EC18ACBA1900CDCC5D /* Foundation.framework */,
				A5B708EE18ACBA1900CDCC5D /* CoreGraphics.framework */,
				A5B708F018ACBA1900CDCC5D /* UIKit.framework */,
				A5B7090B18ACBA1900CDCC5D /* XCTest.framework */,
			);
			name = Frameworks;
			sourceTree = "<group>";
		};
		A5B708F218ACBA1900CDCC5D /* UIViewOutlet */ = {
			isa = PBXGroup;
			children = (
				A5B708FB18ACBA1900CDCC5D /* TTAppDelegate.h */,
				A5B708FC18ACBA1900CDCC5D /* TTAppDelegate.m */,
				A5B708FE18ACBA1900CDCC5D /* Main.storyboard */,
				A5B7090118ACBA1900CDCC5D /* TTViewController.h */,
				A5B7090218ACBA1900CDCC5D /* TTViewController.m */,
				A5B7090418ACBA1900CDCC5D /* Images.xcassets */,
				A5B708F318ACBA1900CDCC5D /* Supporting Files */,
			);
			path = UIViewOutlet;
			sourceTree = "<group>";
		};
		A5B708F318ACBA1900CDCC5D /* Supporting Files */ = {
			isa = PBXGroup;
			children = (
				A5B708F418ACBA1900CDCC5D /* UIViewOutlet-Info.plist */,
				A5B708F518ACBA1900CDCC5D /* InfoPlist.strings */,
				A5B708F818ACBA1900CDCC5D /* main.m */,
				A5B708FA18ACBA1900CDCC5D /* UIViewOutlet-Prefix.pch */,
			);
			name = "Supporting Files";
			sourceTree = "<group>";
		};
		A5B7091118ACBA1900CDCC5D /* UIViewOutletTests */ = {
			isa = PBXGroup;
			children = (
				A5B7091718ACBA1900CDCC5D /* UIViewOutletTests.m */,
				A5B7091218ACBA1900CDCC5D /* Supporting Files */,
			);
			path = UIViewOutletTests;
			sourceTree = "<group>";
		};
		A5B7091218ACBA1900CDCC5D /* Supporting Files */ = {
			isa = PBXGroup;
			children = (
				A5B7091318ACBA1900CDCC5D /* UIViewOutletTests-Info.plist */,
				A5B7091418ACBA1900CDCC5D /* InfoPlist.strings */,
			);
			name = "Supporting Files";
			sourceTree = "<group>";
		};
/* End PBXGroup section */

/* Begin PBXNativeTarget section */
		A5B708E818ACBA1900CDCC5D /* UIViewOutlet */ = {
			isa = PBXNativeTarget;
			buildConfigurationList = A5B7091B18ACBA1900CDCC5D /* Build configuration list for PBXNativeTarget "UIViewOutlet" */;
			buildPhases = (
				A5B708E518ACBA1900CDCC5D /* Sources */,
				A5B708E618ACBA1900CDCC5D /* Frameworks */,
				A5B708E718ACBA1900CDCC5D /* Resources */,
			);
			buildRules = (
			);
			dependencies = (
			);
			name = UIViewOutlet;
			productName = UIViewOutlet;
			productReference = A5B708E918ACBA1900CDCC5D /* UIViewOutlet.app */;
			productType = "com.apple.product-type.application";
		};
		A5B7090918ACBA1900CDCC5D /* UIViewOutletTests */ = {
			isa = PBXNativeTarget;
			buildConfigurationList = A5B7091E18ACBA1900CDCC5D /* Build configuration list for PBXNativeTarget "UIViewOutletTests" */;
			buildPhases = (
				A5B7090618ACBA1900CDCC5D /* Sources */,
				A5B7090718ACBA1900CDCC5D /* Frameworks */,
				A5B7090818ACBA1900CDCC5D /* Resources */,
			);
			buildRules = (
			);
			dependencies = (
				A5B7091018ACBA1900CDCC5D /* PBXTargetDependency */,
			);
			name = UIViewOutletTests;
			productName = UIViewOutletTests;
			productReference = A5B7090A18ACBA1900CDCC5D /* UIViewOutletTests.xctest */;
			productType = "com.apple.product-type.bundle.unit-test";
		};
/* End PBXNativeTarget section */

/* Begin PBXProject section */
		A5B708E118ACBA1900CDCC5D /* Project object */ = {
			isa = PBXProject;
			attributes = {
				CLASSPREFIX = TT;
				LastUpgradeCheck = 0500;
				ORGANIZATIONNAME = sergey;
				TargetAttributes = {
					A5B7090918ACBA1900CDCC5D = {
						TestTargetID = A5B708E818ACBA1900CDCC5D;
					};
				};
			};
			buildConfigurationList = A5B708E418ACBA1900CDCC5D /* Build configuration list for PBXProject "UIViewOutlet" */;
			compatibilityVersion = "Xcode 3.2";
			developmentRegion = English;
			hasScannedForEncodings = 0;
			knownRegions = (
				en,
				Base,
			);
			mainGroup = A5B708E018ACBA1900CDCC5D;
			productRefGroup = A5B708EA18ACBA1900CDCC5D /* Products */;
			projectDirPath = "";
			projectRoot = "";
			targets = (
				A5B708E818ACBA1900CDCC5D /* UIViewOutlet */,
				A5B7090918ACBA1900CDCC5D /* UIViewOutletTests */,
			);
		};
/* End PBXProject section */

/* Begin PBXResourcesBuildPhase section */
		A5B708E718ACBA1900CDCC5D /* Resources */ = {
			isa = PBXResourcesBuildPhase;
			buildActionMask = 2147483647;
			files = (
				A5B7090518ACBA1900CDCC5D /* Images.xcassets in Resources */,
				A5B708F718ACBA1900CDCC5D /* InfoPlist.strings in Resources */,
				A5B7090018ACBA1900CDCC5D /* Main.storyboard in Resources */,
			);
			runOnlyForDeploymentPostprocessing = 0;
		};
		A5B7090818ACBA1900CDCC5D /* Resources */ = {
			isa = PBXResourcesBuildPhase;
			buildActionMask = 2147483647;
			files = (
				A5B7091618ACBA1900CDCC5D /* InfoPlist.strings in Resources */,
			);
			runOnlyForDeploymentPostprocessing = 0;
		};
/* End PBXResourcesBuildPhase section */

/* Begin PBXSourcesBuildPhase section */
		A5B708E518ACBA1900CDCC5D /* Sources */ = {
			isa = PBXSourcesBuildPhase;
			buildActionMask = 2147483647;
			files = (
				A5B708FD18ACBA1900CDCC5D /* TTAppDelegate.m in Sources */,
				A5B708F918ACBA1900CDCC5D /* main.m in Sources */,
				A5B7090318ACBA1900CDCC5D /* TTViewController.m in Sources */,
			);
			runOnlyForDeploymentPostprocessing = 0;
		};
		A5B7090618ACBA1900CDCC5D /* Sources */ = {
			isa = PBXSourcesBuildPhase;
			buildActionMask = 2147483647;
			files = (
				A5B7091818ACBA1900CDCC5D /* UIViewOutletTests.m in Sources */,
			);
			runOnlyForDeploymentPostprocessing = 0;
		};
/* End PBXSourcesBuildPhase section */

/* Begin PBXTargetDependency section */
		A5B7091018ACBA1900CDCC5D /* PBXTargetDependency */ = {
			isa = PBXTargetDependency;
			target = A5B708E818ACBA1900CDCC5D /* UIViewOutlet */;
			targetProxy = A5B7090F18ACBA1900CDCC5D /* PBXContainerItemProxy */;
		};
/* End PBXTargetDependency section */

/* Begin PBXVariantGroup section */
		A5B708F518ACBA1900CDCC5D /* InfoPlist.strings */ = {
			isa = PBXVariantGroup;
			children = (
				A5B708F618ACBA1900CDCC5D /* en */,
			);
			name = InfoPlist.strings;
			sourceTree = "<group>";
		};
		A5B708FE18ACBA1900CDCC5D /* Main.storyboard */ = {
			isa = PBXVariantGroup;
			children = (
				A5B708FF18ACBA1900CDCC5D /* Base */,
			);
			name = Main.storyboard;
			sourceTree = "<group>";
		};
		A5B7091418ACBA1900CDCC5D /* InfoPlist.strings */ = {
			isa = PBXVariantGroup;
			children = (
				A5B7091518ACBA1900CDCC5D /* en */,
			);
			name = InfoPlist.strings;
			sourceTree = "<group>";
		};
/* End PBXVariantGroup section */

/* Begin XCBuildConfiguration section */
		A5B7091918ACBA1900CDCC5D /* Debug */ = {
			isa = XCBuildConfiguration;
			buildSettings = {
				ALWAYS_SEARCH_USER_PATHS = NO;
				ARCHS = "$(ARCHS_STANDARD_INCLUDING_64_BIT)";
				CLANG_CXX_LANGUAGE_STANDARD = "gnu++0x";
				CLANG_CXX_LIBRARY = "libc++";
				CLANG_ENABLE_MODULES = YES;
				CLANG_ENABLE_OBJC_ARC = YES;
				CLANG_WARN_BOOL_CONVERSION = YES;
				CLANG_WARN_CONSTANT_CONVERSION = YES;
				CLANG_WARN_DIRECT_OBJC_ISA_USAGE = YES_ERROR;
				CLANG_WARN_EMPTY_BODY = YES;
				CLANG_WARN_ENUM_CONVERSION = YES;
				CLANG_WARN_INT_CONVERSION = YES;
				CLANG_WARN_OBJC_ROOT_CLASS = YES_ERROR;
				CLANG_WARN__DUPLICATE_METHOD_MATCH = YES;
				"CODE_SIGN_IDENTITY[sdk=iphoneos*]" = "iPhone Developer";
				COPY_PHASE_STRIP = NO;
				GCC_C_LANGUAGE_STANDARD = gnu99;
				GCC_DYNAMIC_NO_PIC = NO;
				GCC_OPTIMIZATION_LEVEL = 0;
				GCC_PREPROCESSOR_DEFINITIONS = (
					"DEBUG=1",
					"$(inherited)",
				);
				GCC_SYMBOLS_PRIVATE_EXTERN = NO;
				GCC_WARN_64_TO_32_BIT_CONVERSION = YES;
				GCC_WARN_ABOUT_RETURN_TYPE = YES_ERROR;
				GCC_WARN_UNDECLARED_SELECTOR = YES;
				GCC_WARN_UNINITIALIZED_AUTOS = YES;
				GCC_WARN_UNUSED_FUNCTION = YES;
				GCC_WARN_UNUSED_VARIABLE = YES;
				IPHONEOS_DEPLOYMENT_TARGET = 7.0;
				ONLY_ACTIVE_ARCH = YES;
				SDKROOT = iphoneos;
			};
			name = Debug;
		};
		A5B7091A18ACBA1900CDCC5D /* Release */ = {
			isa = XCBuildConfiguration;
			buildSettings = {
				ALWAYS_SEARCH_USER_PATHS = NO;
				ARCHS = "$(ARCHS_STANDARD_INCLUDING_64_BIT)";
				CLANG_CXX_LANGUAGE_STANDARD = "gnu++0x";
				CLANG_CXX_LIBRARY = "libc++";
				CLANG_ENABLE_MODULES = YES;
				CLANG_ENABLE_OBJC_ARC = YES;
				CLANG_WARN_BOOL_CONVERSION = YES;
				CLANG_WARN_CONSTANT_CONVERSION = YES;
				CLANG_WARN_DIRECT_OBJC_ISA_USAGE = YES_ERROR;
				CLANG_WARN_EMPTY_BODY = YES;
				CLANG_WARN_ENUM_CONVERSION = YES;
				CLANG_WARN_INT_CONVERSION = YES;
				CLANG_WARN_OBJC_ROOT_CLASS = YES_ERROR;
				CLANG_WARN__DUPLICATE_METHOD_MATCH = YES;
				"CODE_SIGN_IDENTITY[sdk=iphoneos*]" = "iPhone Developer";
				COPY_PHASE_STRIP = YES;
				ENABLE_NS_ASSERTIONS = NO;
				GCC_C_LANGUAGE_STANDARD = gnu99;
				GCC_WARN_64_TO_32_BIT_CONVERSION = YES;
				GCC_WARN_ABOUT_RETURN_TYPE = YES_ERROR;
				GCC_WARN_UNDECLARED_SELECTOR = YES;
				GCC_WARN_UNINITIALIZED_AUTOS = YES;
				GCC_WARN_UNUSED_FUNCTION = YES;
				GCC_WARN_UNUSED_VARIABLE = YES;
				IPHONEOS_DEPLOYMENT_TARGET = 7.0;
				SDKROOT = iphoneos;
				VALIDATE_PRODUCT = YES;
			};
			name = Release;
		};
		A5B7091C18ACBA1900CDCC5D /* Debug */ = {
			isa = XCBuildConfiguration;
			buildSettings = {
				ASSETCATALOG_COMPILER_APPICON_NAME = AppIcon;
				ASSETCATALOG_COMPILER_LAUNCHIMAGE_NAME = LaunchImage;
				GCC_PRECOMPILE_PREFIX_HEADER = YES;
				GCC_PREFIX_HEADER = "UIViewOutlet/UIViewOutlet-Prefix.pch";
				INFOPLIST_FILE = "UIViewOutlet/UIViewOutlet-Info.plist";
				PRODUCT_NAME = "$(TARGET_NAME)";
				WRAPPER_EXTENSION = app;
			};
			name = Debug;
		};
		A5B7091D18ACBA1900CDCC5D /* Release */ = {
			isa = XCBuildConfiguration;
			buildSettings = {
				ASSETCATALOG_COMPILER_APPICON_NAME = AppIcon;
				ASSETCATALOG_COMPILER_LAUNCHIMAGE_NAME = LaunchImage;
				GCC_PRECOMPILE_PREFIX_HEADER = YES;
				GCC_PREFIX_HEADER = "UIViewOutlet/UIViewOutlet-Prefix.pch";
				INFOPLIST_FILE = "UIViewOutlet/UIViewOutlet-Info.plist";
				PRODUCT_NAME = "$(TARGET_NAME)";
				WRAPPER_EXTENSION = app;
			};
			name = Release;
		};
		A5B7091F18ACBA1900CDCC5D /* Debug */ = {
			isa = XCBuildConfiguration;
			buildSettings = {
				ARCHS = "$(ARCHS_STANDARD_INCLUDING_64_BIT)";
				BUNDLE_LOADER = "$(BUILT_PRODUCTS_DIR)/UIViewOutlet.app/UIViewOutlet";
				FRAMEWORK_SEARCH_PATHS = (
					"$(SDKROOT)/Developer/Library/Frameworks",
					"$(inherited)",
					"$(DEVELOPER_FRAMEWORKS_DIR)",
				);
				GCC_PRECOMPILE_PREFIX_HEADER = YES;
				GCC_PREFIX_HEADER = "UIViewOutlet/UIViewOutlet-Prefix.pch";
				GCC_PREPROCESSOR_DEFINITIONS = (
					"DEBUG=1",
					"$(inherited)",
				);
				INFOPLIST_FILE = "UIViewOutletTests/UIViewOutletTests-Info.plist";
				PRODUCT_NAME = "$(TARGET_NAME)";
				TEST_HOST = "$(BUNDLE_LOADER)";
				WRAPPER_EXTENSION = xctest;
			};
			name = Debug;
		};
		A5B7092018ACBA1900CDCC5D /* Release */ = {
			isa = XCBuildConfiguration;
			buildSettings = {
				ARCHS = "$(ARCHS_STANDARD_INCLUDING_64_BIT)";
				BUNDLE_LOADER = "$(BUILT_PRODUCTS_DIR)/UIViewOutlet.app/UIViewOutlet";
				FRAMEWORK_SEARCH_PATHS = (
					"$(SDKROOT)/Developer/Library/Frameworks",
					"$(inherited)",
					"$(DEVELOPER_FRAMEWORKS_DIR)",
				);
				GCC_PRECOMPILE_PREFIX_HEADER = YES;
				GCC_PREFIX_HEADER = "UIViewOutlet/UIViewOutlet-Prefix.pch";
				INFOPLIST_FILE = "UIViewOutletTests/UIViewOutletTests-Info.plist";
				PRODUCT_NAME = "$(TARGET_NAME)";
				TEST_HOST = "$(BUNDLE_LOADER)";
				WRAPPER_EXTENSION = xctest;
			};
			name = Release;
		};
/* End XCBuildConfiguration section */

/* Begin XCConfigurationList section */
		A5B708E418ACBA1900CDCC5D /* Build configuration list for PBXProject "UIViewOutlet" */ = {
			isa = XCConfigurationList;
			buildConfigurations = (
				A5B7091918ACBA1900CDCC5D /* Debug */,
				A5B7091A18ACBA1900CDCC5D /* Release */,
			);
			defaultConfigurationIsVisible = 0;
			defaultConfigurationName = Release;
		};
		A5B7091B18ACBA1900CDCC5D /* Build configuration list for PBXNativeTarget "UIViewOutlet" */ = {
			isa = XCConfigurationList;
			buildConfigurations = (
				A5B7091C18ACBA1900CDCC5D /* Debug */,
				A5B7091D18ACBA1900CDCC5D /* Release */,
			);
			defaultConfigurationIsVisible = 0;
			defaultConfigurationName = Release;
		};
		A5B7091E18ACBA1900CDCC5D /* Build configuration list for PBXNativeTarget "UIViewOutletTests" */ = {
			isa = XCConfigurationList;
			buildConfigurations = (
				A5B7091F18ACBA1900CDCC5D /* Debug */,
				A5B7092018ACBA1900CDCC5D /* Release */,
			);
			defaultConfigurationIsVisible = 0;
			defaultConfigurationName = Release;
		};
/* End XCConfigurationList section */
	};
	rootObject = A5B708E118ACBA1900CDCC5D /* Project object */;
}
